
Microsoft Visual Studio Solution File, Format Version 12.00
# Visual Studio Version 17
VisualStudioVersion = 17.9.34728.123
MinimumVisualStudioVersion = 10.0.40219.1
Project("{FAE04EC0-301F-11D3-BF4B-00C04F79EFBC}") = "Final_Serpent", "Final_Serpent\Final_Serpent.csproj", "{95214FE2-A63B-4FD5-BD08-34CC315E3F19}"
EndProject
Global
	GlobalSection(SolutionConfigurationPlatforms) = preSolution
		Debug|Any CPU = Debug|Any CPU
		Release|Any CPU = Release|Any CPU
	EndGlobalSection
	GlobalSection(ProjectConfigurationPlatforms) = postSolution
		{95214FE2-A63B-4FD5-BD08-34CC315E3F19}.Debug|Any CPU.ActiveCfg = Debug|Any CPU
		{95214FE2-A63B-4FD5-BD08-34CC315E3F19}.Debug|Any CPU.Build.0 = Debug|Any CPU
		{95214FE2-A63B-4FD5-BD08-34CC315E3F19}.Release|Any CPU.ActiveCfg = Release|Any CPU
		{95214FE2-A63B-4FD5-BD08-34CC315E3F19}.Release|Any CPU.Build.0 = Release|Any CPU
	EndGlobalSection
	GlobalSection(SolutionProperties) = preSolution
		HideSolutionNode = FALSE
	EndGlobalSection
	GlobalSection(ExtensibilityGlobals) = postSolution
		SolutionGuid = {4EFB0E0F-00E7-422F-A06D-72522B139971}
	EndGlobalSection
EndGlobal
